
Microsoft Visual Studio Solution File, Format Version 12.00
# Visual Studio 14
VisualStudioVersion = 14.0.25420.1
MinimumVisualStudioVersion = 10.0.40219.1
Project("{FAE04EC0-301F-11D3-BF4B-00C04F79EFBC}") = "NatappToolDll", "NatappToolDll\NatappToolDll.csproj", "{C3CF2612-4EB9-4EF6-A79A-FC81E1FD59F3}"
EndProject
Project("{FAE04EC0-301F-11D3-BF4B-00C04F79EFBC}") = "NatappDemo", "NatappDemo\NatappDemo.csproj", "{542E917B-147C-4B6F-9B3B-DB9AAE6AF302}"
EndProject
Global
	GlobalSection(SolutionConfigurationPlatforms) = preSolution
		Debug|Any CPU = Debug|Any CPU
		Release|Any CPU = Release|Any CPU
	EndGlobalSection
	GlobalSection(ProjectConfigurationPlatforms) = postSolution
		{C3CF2612-4EB9-4EF6-A79A-FC81E1FD59F3}.Debug|Any CPU.ActiveCfg = Debug|Any CPU
		{C3CF2612-4EB9-4EF6-A79A-FC81E1FD59F3}.Debug|Any CPU.Build.0 = Debug|Any CPU
		{C3CF2612-4EB9-4EF6-A79A-FC81E1FD59F3}.Release|Any CPU.ActiveCfg = Release|Any CPU
		{C3CF2612-4EB9-4EF6-A79A-FC81E1FD59F3}.Release|Any CPU.Build.0 = Release|Any CPU
		{542E917B-147C-4B6F-9B3B-DB9AAE6AF302}.Debug|Any CPU.ActiveCfg = Debug|Any CPU
		{542E917B-147C-4B6F-9B3B-DB9AAE6AF302}.Debug|Any CPU.Build.0 = Debug|Any CPU
		{542E917B-147C-4B6F-9B3B-DB9AAE6AF302}.Release|Any CPU.ActiveCfg = Release|Any CPU
		{542E917B-147C-4B6F-9B3B-DB9AAE6AF302}.Release|Any CPU.Build.0 = Release|Any CPU
	EndGlobalSection
	GlobalSection(SolutionProperties) = preSolution
		HideSolutionNode = FALSE
	EndGlobalSection
EndGlobal
